<?xml version="1.0" encoding="utf-8"?>
<Project ToolsVersion="4.0" xmlns="http://schemas.microsoft.com/developer/msbuild/2003">
  <ItemGroup>
    <Filter Include="Source Files">
      <UniqueIdentifier>{141d279c-a1a8-4023-a799-74fc948d4853}</UniqueIdentifier>
      <Extensions>cpp;c;cxx;rc;def;r;odl;idl;hpj;bat</Extensions>
    </Filter>
    <Filter Include="Header Files">
      <UniqueIdentifier>{b7c40d31-fc94-49a2-be49-19e7508db2f5}</UniqueIdentifier>
      <Extensions>h;hpp;hxx;hm;inl</Extensions>
    </Filter>
    <Filter Include="Resource Files">
      <UniqueIdentifier>{b670791f-8d67-43f9-b4f0-7e067af1c696}</UniqueIdentifier>
      <Extensions>ico;cur;bmp;dlg;rc2;rct;bin;rgs;gif;jpg;jpeg;jpe</Extensions>
    </Filter>
  </ItemGroup>
  <ItemGroup>
    <ClCompile Include="cifxdemo.c">
      <Filter>Source Files</Filter>
    </ClCompile>
    <ClCompile Include="processMsg.c">
      <Filter>Source Files</Filter>
    </ClCompile>
    <ClCompile Include="sendMsg.c">
      <Filter>Source Files</Filter>
    </ClCompile>
    <ClCompile Include="TestServer.c">
      <Filter>Source Files</Filter>
    </ClCompile>
  </ItemGroup>
  <ItemGroup>
    <Library Include="cifX32DLL.lib">
      <Filter>Source Files</Filter>
    </Library>
  </ItemGroup>
  <ItemGroup>
    <ClInclude Include="CIFXErrors.h">
      <Filter>Header Files</Filter>
    </ClInclude>
    <ClInclude Include="CIFxUSER.H">
      <Filter>Header Files</Filter>
    </ClInclude>
    <ClInclude Include="processMsg.h">
      <Filter>Header Files</Filter>
    </ClInclude>
    <ClInclude Include="sendMsg.h">
      <Filter>Header Files</Filter>
    </ClInclude>
    <ClInclude Include="cifxdemo.h">
      <Filter>Header Files</Filter>
    </ClInclude>
  </ItemGroup>
</Project>